{
  "name": "worker",
  "version": "1.0.0",
  "lockfileVersion": 3,
  "requires": true,
  "packages": {
    "": {
      "name": "worker",
      "version": "1.0.0",
      "license": "ISC",
      "dependencies": {
        "workerd": "^1.20250510.0"
      }
    },
    "node_modules/@cloudflare/workerd-darwin-64": {
      "version": "1.20250510.0",
      "resolved": "https://registry.npmjs.org/@cloudflare/workerd-darwin-64/-/workerd-darwin-64-1.20250510.0.tgz",
      "integrity": "sha512-HcpMdAUTbCOQZfYCYu356RqkewDaPqtZrEqb2lDEqevUNFdUyQW1mowOnkAHZ7J3td66kI+8TYuDnn5i6Msnyw==",
      "cpu": [
        "x64"
      ],
      "optional": true,
      "os": [
        "darwin"
      ],
      "engines": {
        "node": ">=16"
      }
    },
    "node_modules/@cloudflare/workerd-darwin-arm64": {
      "version": "1.20250510.0",
      "resolved": "https://registry.npmjs.org/@cloudflare/workerd-darwin-arm64/-/workerd-darwin-arm64-1.20250510.0.tgz",
      "integrity": "sha512-PD0xUisOqdvCbylsRcv1FCoWZOyZzf1GxVCzqK74f/Izz0b/PQAxiazINhF4YUqAlZ8itKSH6c1eBQP6wZ3WgA==",
      "cpu": [
        "arm64"
      ],
      "optional": true,
      "os": [
        "darwin"
      ],
      "engines": {
        "node": ">=16"
      }
    },
    "node_modules/@cloudflare/workerd-linux-64": {
      "version": "1.20250510.0",
      "resolved": "https://registry.npmjs.org/@cloudflare/workerd-linux-64/-/workerd-linux-64-1.20250510.0.tgz",
      "integrity": "sha512-uxdR5OItYfHhti/6/q76AHTvTB+bzanKV8a0IQu8F7cAdY2HVAronp9RKFlIgvCspdwL19jX7Z6V8gt4GQC4Nw==",
      "cpu": [
        "x64"
      ],
      "optional": true,
      "os": [
        "linux"
      ],
      "engines": {
        "node": ">=16"
      }
    },
    "node_modules/@cloudflare/workerd-linux-arm64": {
      "version": "1.20250510.0",
      "resolved": "https://registry.npmjs.org/@cloudflare/workerd-linux-arm64/-/workerd-linux-arm64-1.20250510.0.tgz",
      "integrity": "sha512-pXfEfpp5QDAKk13fFo3ZYtj+LJfLPfXyXbte9aQA71srkMj49KDEznlFgNAxjj1RCdnsgiReXYb08WTEjTE1Jw==",
      "cpu": [
        "arm64"
      ],
      "optional": true,
      "os": [
        "linux"
      ],
      "engines": {
        "node": ">=16"
      }
    },
    "node_modules/@cloudflare/workerd-windows-64": {
      "version": "1.20250510.0",
      "resolved": "https://registry.npmjs.org/@cloudflare/workerd-windows-64/-/workerd-windows-64-1.20250510.0.tgz",
      "integrity": "sha512-zkzSewLQeW9SHJnBQORsEs2R0QSQ6s4NL7T5zLalyadZnyoTTgJB67/JqT850U777E+y0oVMOLjlWVhoSMo5bw==",
      "cpu": [
        "x64"
      ],
      "optional": true,
      "os": [
        "win32"
      ],
      "engines": {
        "node": ">=16"
      }
    },
    "node_modules/workerd": {
      "version": "1.20250510.0",
      "resolved": "https://registry.npmjs.org/workerd/-/workerd-1.20250510.0.tgz",
      "integrity": "sha512-uWhFcp75h/ULrs5J98T35DJmVumBs9f+VTwho8koAGfY3uLNCa2ZxF/3D+UALq4rMKDEUfho6h0sh195UfR+8A==",
      "hasInstallScript": true,
      "bin": {
        "workerd": "bin/workerd"
      },
      "engines": {
        "node": ">=16"
      },
      "optionalDependencies": {
        "@cloudflare/workerd-darwin-64": "1.20250510.0",
        "@cloudflare/workerd-darwin-arm64": "1.20250510.0",
        "@cloudflare/workerd-linux-64": "1.20250510.0",
        "@cloudflare/workerd-linux-arm64": "1.20250510.0",
        "@cloudflare/workerd-windows-64": "1.20250510.0"
      }
    }
  }
}
